# This file is automatically @generated by Cargo.
# It is not intended for manual editing.
[[package]]
name = "protobuf"
version = "2.6.0"
source = "registry+https://github.com/rust-lang/crates.io-index"

[[package]]
name = "rust-protobuf-example"
version = "0.1.0"
dependencies = [
 "protobuf 2.6.0 (registry+https://github.com/rust-lang/crates.io-index)",
]

[metadata]
"checksum protobuf 2.6.0 (registry+https://github.com/rust-lang/crates.io-index)" = "3959be8d6250192f80ef056c0a4aaaeaff8a25e904e6e7a0f5285cb1a061835f"
